// !$*UTF8*$!
{
	archiveVersion = 1;
	classes = {
	};
	objectVersion = 55;
	objects = {

/* Begin PBXBuildFile section */
		0391C2B8286AFFFA002532C4 /* MainViewList.swift in Sources */ = {isa = PBXBuildFile; fileRef = 0391C2B7286AFFFA002532C4 /* MainViewList.swift */; };
		03A2C499286632E9003033D7 /* UIScreen.swift in Sources */ = {isa = PBXBuildFile; fileRef = 03A2C498286632E9003033D7 /* UIScreen.swift */; };
		03A2C49E28663A04003033D7 /* HeaderShape.swift in Sources */ = {isa = PBXBuildFile; fileRef = 03A2C49D28663A04003033D7 /* HeaderShape.swift */; };
		03A2C4A22866F26E003033D7 /* MainViewNavigationBar.swift in Sources */ = {isa = PBXBuildFile; fileRef = 03A2C4A12866F26E003033D7 /* MainViewNavigationBar.swift */; };
		03A2C4A42866F30D003033D7 /* Color.swift in Sources */ = {isa = PBXBuildFile; fileRef = 03A2C4A32866F30D003033D7 /* Color.swift */; };
		03BD838228620CBA007DBBD1 /* SplitzApp.swift in Sources */ = {isa = PBXBuildFile; fileRef = 03BD838128620CBA007DBBD1 /* SplitzApp.swift */; };
		03BD838428620CBA007DBBD1 /* MainView.swift in Sources */ = {isa = PBXBuildFile; fileRef = 03BD838328620CBA007DBBD1 /* MainView.swift */; };
		03BD838628620CBB007DBBD1 /* Assets.xcassets in Resources */ = {isa = PBXBuildFile; fileRef = 03BD838528620CBB007DBBD1 /* Assets.xcassets */; };
		03BD838928620CBB007DBBD1 /* Preview Assets.xcassets in Resources */ = {isa = PBXBuildFile; fileRef = 03BD838828620CBB007DBBD1 /* Preview Assets.xcassets */; };
		03DA61612868E6EB0056CB90 /* MainViewListItem.swift in Sources */ = {isa = PBXBuildFile; fileRef = 03DA61602868E6EB0056CB90 /* MainViewListItem.swift */; };
/* End PBXBuildFile section */

/* Begin PBXFileReference section */
		0391C2B7286AFFFA002532C4 /* MainViewList.swift */ = {isa = PBXFileReference; lastKnownFileType = sourcecode.swift; path = MainViewList.swift; sourceTree = "<group>"; };
		03A2C498286632E9003033D7 /* UIScreen.swift */ = {isa = PBXFileReference; lastKnownFileType = sourcecode.swift; path = UIScreen.swift; sourceTree = "<group>"; };
		03A2C49D28663A04003033D7 /* HeaderShape.swift */ = {isa = PBXFileReference; lastKnownFileType = sourcecode.swift; path = HeaderShape.swift; sourceTree = "<group>"; };
		03A2C4A12866F26E003033D7 /* MainViewNavigationBar.swift */ = {isa = PBXFileReference; lastKnownFileType = sourcecode.swift; path = MainViewNavigationBar.swift; sourceTree = "<group>"; };
		03A2C4A32866F30D003033D7 /* Color.swift */ = {isa = PBXFileReference; lastKnownFileType = sourcecode.swift; path = Color.swift; sourceTree = "<group>"; };
		03BD837E28620CBA007DBBD1 /* Splitz.app */ = {isa = PBXFileReference; explicitFileType = wrapper.application; includeInIndex = 0; path = Splitz.app; sourceTree = BUILT_PRODUCTS_DIR; };
		03BD838128620CBA007DBBD1 /* SplitzApp.swift */ = {isa = PBXFileReference; lastKnownFileType = sourcecode.swift; path = SplitzApp.swift; sourceTree = "<group>"; };
		03BD838328620CBA007DBBD1 /* MainView.swift */ = {isa = PBXFileReference; lastKnownFileType = sourcecode.swift; path = MainView.swift; sourceTree = "<group>"; };
		03BD838528620CBB007DBBD1 /* Assets.xcassets */ = {isa = PBXFileReference; lastKnownFileType = folder.assetcatalog; path = Assets.xcassets; sourceTree = "<group>"; };
		03BD838828620CBB007DBBD1 /* Preview Assets.xcassets */ = {isa = PBXFileReference; lastKnownFileType = folder.assetcatalog; path = "Preview Assets.xcassets"; sourceTree = "<group>"; };
		03DA61602868E6EB0056CB90 /* MainViewListItem.swift */ = {isa = PBXFileReference; lastKnownFileType = sourcecode.swift; path = MainViewListItem.swift; sourceTree = "<group>"; };
/* End PBXFileReference section */

/* Begin PBXFrameworksBuildPhase section */
		03BD837B28620CBA007DBBD1 /* Frameworks */ = {
			isa = PBXFrameworksBuildPhase;
			buildActionMask = 2147483647;
			files = (
			);
			runOnlyForDeploymentPostprocessing = 0;
		};
/* End PBXFrameworksBuildPhase section */

/* Begin PBXGroup section */
		03A2C49628663205003033D7 /* Views */ = {
			isa = PBXGroup;
			children = (
				03A2C49F2866F240003033D7 /* Main */,
				03A2C4A02866F246003033D7 /* Detail */,
			);
			path = Views;
			sourceTree = "<group>";
		};
		03A2C49728663262003033D7 /* Extensions */ = {
			isa = PBXGroup;
			children = (
				03A2C498286632E9003033D7 /* UIScreen.swift */,
				03A2C4A32866F30D003033D7 /* Color.swift */,
			);
			path = Extensions;
			sourceTree = "<group>";
		};
		03A2C49C286639B7003033D7 /* Shapes */ = {
			isa = PBXGroup;
			children = (
				03A2C49D28663A04003033D7 /* HeaderShape.swift */,
			);
			path = Shapes;
			sourceTree = "<group>";
		};
		03A2C49F2866F240003033D7 /* Main */ = {
			isa = PBXGroup;
			children = (
				03BD838328620CBA007DBBD1 /* MainView.swift */,
				03A2C4A12866F26E003033D7 /* MainViewNavigationBar.swift */,
				0391C2B7286AFFFA002532C4 /* MainViewList.swift */,
				03DA61602868E6EB0056CB90 /* MainViewListItem.swift */,
			);
			path = Main;
			sourceTree = "<group>";
		};
		03A2C4A02866F246003033D7 /* Detail */ = {
			isa = PBXGroup;
			children = (
			);
			path = Detail;
			sourceTree = "<group>";
		};
		03BD837528620CBA007DBBD1 = {
			isa = PBXGroup;
			children = (
				03BD838028620CBA007DBBD1 /* Splitz */,
				03BD837F28620CBA007DBBD1 /* Products */,
			);
			sourceTree = "<group>";
		};
		03BD837F28620CBA007DBBD1 /* Products */ = {
			isa = PBXGroup;
			children = (
				03BD837E28620CBA007DBBD1 /* Splitz.app */,
			);
			name = Products;
			sourceTree = "<group>";
		};
		03BD838028620CBA007DBBD1 /* Splitz */ = {
			isa = PBXGroup;
			children = (
				03A2C49628663205003033D7 /* Views */,
				03A2C49728663262003033D7 /* Extensions */,
				03A2C49C286639B7003033D7 /* Shapes */,
				03BD838128620CBA007DBBD1 /* SplitzApp.swift */,
				03BD838528620CBB007DBBD1 /* Assets.xcassets */,
				03BD838728620CBB007DBBD1 /* Preview Content */,
			);
			path = Splitz;
			sourceTree = "<group>";
		};
		03BD838728620CBB007DBBD1 /* Preview Content */ = {
			isa = PBXGroup;
			children = (
				03BD838828620CBB007DBBD1 /* Preview Assets.xcassets */,
			);
			path = "Preview Content";
			sourceTree = "<group>";
		};
/* End PBXGroup section */

/* Begin PBXNativeTarget section */
		03BD837D28620CBA007DBBD1 /* Splitz */ = {
			isa = PBXNativeTarget;
			buildConfigurationList = 03BD838C28620CBB007DBBD1 /* Build configuration list for PBXNativeTarget "Splitz" */;
			buildPhases = (
				03BD837A28620CBA007DBBD1 /* Sources */,
				03BD837B28620CBA007DBBD1 /* Frameworks */,
				03BD837C28620CBA007DBBD1 /* Resources */,
			);
			buildRules = (
			);
			dependencies = (
			);
			name = Splitz;
			productName = Splitz;
			productReference = 03BD837E28620CBA007DBBD1 /* Splitz.app */;
			productType = "com.apple.product-type.application";
		};
/* End PBXNativeTarget section */

/* Begin PBXProject section */
		03BD837628620CBA007DBBD1 /* Project object */ = {
			isa = PBXProject;
			attributes = {
				BuildIndependentTargetsInParallel = 1;
				LastSwiftUpdateCheck = 1310;
				LastUpgradeCheck = 1310;
				TargetAttributes = {
					03BD837D28620CBA007DBBD1 = {
						CreatedOnToolsVersion = 13.1;
					};
				};
			};
			buildConfigurationList = 03BD837928620CBA007DBBD1 /* Build configuration list for PBXProject "Splitz" */;
			compatibilityVersion = "Xcode 13.0";
			developmentRegion = en;
			hasScannedForEncodings = 0;
			knownRegions = (
				en,
				Base,
			);
			mainGroup = 03BD837528620CBA007DBBD1;
			productRefGroup = 03BD837F28620CBA007DBBD1 /* Products */;
			projectDirPath = "";
			projectRoot = "";
			targets = (
				03BD837D28620CBA007DBBD1 /* Splitz */,
			);
		};
/* End PBXProject section */

/* Begin PBXResourcesBuildPhase section */
		03BD837C28620CBA007DBBD1 /* Resources */ = {
			isa = PBXResourcesBuildPhase;
			buildActionMask = 2147483647;
			files = (
				03BD838928620CBB007DBBD1 /* Preview Assets.xcassets in Resources */,
				03BD838628620CBB007DBBD1 /* Assets.xcassets in Resources */,
			);
			runOnlyForDeploymentPostprocessing = 0;
		};
/* End PBXResourcesBuildPhase section */

/* Begin PBXSourcesBuildPhase section */
		03BD837A28620CBA007DBBD1 /* Sources */ = {
			isa = PBXSourcesBuildPhase;
			buildActionMask = 2147483647;
			files = (
				03BD838428620CBA007DBBD1 /* MainView.swift in Sources */,
				0391C2B8286AFFFA002532C4 /* MainViewList.swift in Sources */,
				03A2C4A22866F26E003033D7 /* MainViewNavigationBar.swift in Sources */,
				03A2C499286632E9003033D7 /* UIScreen.swift in Sources */,
				03A2C49E28663A04003033D7 /* HeaderShape.swift in Sources */,
				03BD838228620CBA007DBBD1 /* SplitzApp.swift in Sources */,
				03A2C4A42866F30D003033D7 /* Color.swift in Sources */,
				03DA61612868E6EB0056CB90 /* MainViewListItem.swift in Sources */,
			);
			runOnlyForDeploymentPostprocessing = 0;
		};
/* End PBXSourcesBuildPhase section */

/* Begin XCBuildConfiguration section */
		03BD838A28620CBB007DBBD1 /* Debug */ = {
			isa = XCBuildConfiguration;
			buildSettings = {
				ALWAYS_SEARCH_USER_PATHS = NO;
				CLANG_ANALYZER_NONNULL = YES;
				CLANG_ANALYZER_NUMBER_OBJECT_CONVERSION = YES_AGGRESSIVE;
				CLANG_CXX_LANGUAGE_STANDARD = "gnu++17";
				CLANG_CXX_LIBRARY = "libc++";
				CLANG_ENABLE_MODULES = YES;
				CLANG_ENABLE_OBJC_ARC = YES;
				CLANG_ENABLE_OBJC_WEAK = YES;
				CLANG_WARN_BLOCK_CAPTURE_AUTORELEASING = YES;
				CLANG_WARN_BOOL_CONVERSION = YES;
				CLANG_WARN_COMMA = YES;
				CLANG_WARN_CONSTANT_CONVERSION = YES;
				CLANG_WARN_DEPRECATED_OBJC_IMPLEMENTATIONS = YES;
				CLANG_WARN_DIRECT_OBJC_ISA_USAGE = YES_ERROR;
				CLANG_WARN_DOCUMENTATION_COMMENTS = YES;
				CLANG_WARN_EMPTY_BODY = YES;
				CLANG_WARN_ENUM_CONVERSION = YES;
				CLANG_WARN_INFINITE_RECURSION = YES;
				CLANG_WARN_INT_CONVERSION = YES;
				CLANG_WARN_NON_LITERAL_NULL_CONVERSION = YES;
				CLANG_WARN_OBJC_IMPLICIT_RETAIN_SELF = YES;
				CLANG_WARN_OBJC_LITERAL_CONVERSION = YES;
				CLANG_WARN_OBJC_ROOT_CLASS = YES_ERROR;
				CLANG_WARN_QUOTED_INCLUDE_IN_FRAMEWORK_HEADER = YES;
				CLANG_WARN_RANGE_LOOP_ANALYSIS = YES;
				CLANG_WARN_STRICT_PROTOTYPES = YES;
				CLANG_WARN_SUSPICIOUS_MOVE = YES;
				CLANG_WARN_UNGUARDED_AVAILABILITY = YES_AGGRESSIVE;
				CLANG_WARN_UNREACHABLE_CODE = YES;
				CLANG_WARN__DUPLICATE_METHOD_MATCH = YES;
				COPY_PHASE_STRIP = NO;
				DEBUG_INFORMATION_FORMAT = dwarf;
				ENABLE_STRICT_OBJC_MSGSEND = YES;
				ENABLE_TESTABILITY = YES;
				GCC_C_LANGUAGE_STANDARD = gnu11;
				GCC_DYNAMIC_NO_PIC = NO;
				GCC_NO_COMMON_BLOCKS = YES;
				GCC_OPTIMIZATION_LEVEL = 0;
				GCC_PREPROCESSOR_DEFINITIONS = (
					"DEBUG=1",
					"$(inherited)",
				);
				GCC_WARN_64_TO_32_BIT_CONVERSION = YES;
				GCC_WARN_ABOUT_RETURN_TYPE = YES_ERROR;
				GCC_WARN_UNDECLARED_SELECTOR = YES;
				GCC_WARN_UNINITIALIZED_AUTOS = YES_AGGRESSIVE;
				GCC_WARN_UNUSED_FUNCTION = YES;
				GCC_WARN_UNUSED_VARIABLE = YES;
				IPHONEOS_DEPLOYMENT_TARGET = 15.0;
				MTL_ENABLE_DEBUG_INFO = INCLUDE_SOURCE;
				MTL_FAST_MATH = YES;
				ONLY_ACTIVE_ARCH = YES;
				SDKROOT = iphoneos;
				SWIFT_ACTIVE_COMPILATION_CONDITIONS = DEBUG;
				SWIFT_OPTIMIZATION_LEVEL = "-Onone";
			};
			name = Debug;
		};
		03BD838B28620CBB007DBBD1 /* Release */ = {
			isa = XCBuildConfiguration;
			buildSettings = {
				ALWAYS_SEARCH_USER_PATHS = NO;
				CLANG_ANALYZER_NONNULL = YES;
				CLANG_ANALYZER_NUMBER_OBJECT_CONVERSION = YES_AGGRESSIVE;
				CLANG_CXX_LANGUAGE_STANDARD = "gnu++17";
				CLANG_CXX_LIBRARY = "libc++";
				CLANG_ENABLE_MODULES = YES;
				CLANG_ENABLE_OBJC_ARC = YES;
				CLANG_ENABLE_OBJC_WEAK = YES;
				CLANG_WARN_BLOCK_CAPTURE_AUTORELEASING = YES;
				CLANG_WARN_BOOL_CONVERSION = YES;
				CLANG_WARN_COMMA = YES;
				CLANG_WARN_CONSTANT_CONVERSION = YES;
				CLANG_WARN_DEPRECATED_OBJC_IMPLEMENTATIONS = YES;
				CLANG_WARN_DIRECT_OBJC_ISA_USAGE = YES_ERROR;
				CLANG_WARN_DOCUMENTATION_COMMENTS = YES;
				CLANG_WARN_EMPTY_BODY = YES;
				CLANG_WARN_ENUM_CONVERSION = YES;
				CLANG_WARN_INFINITE_RECURSION = YES;
				CLANG_WARN_INT_CONVERSION = YES;
				CLANG_WARN_NON_LITERAL_NULL_CONVERSION = YES;
				CLANG_WARN_OBJC_IMPLICIT_RETAIN_SELF = YES;
				CLANG_WARN_OBJC_LITERAL_CONVERSION = YES;
				CLANG_WARN_OBJC_ROOT_CLASS = YES_ERROR;
				CLANG_WARN_QUOTED_INCLUDE_IN_FRAMEWORK_HEADER = YES;
				CLANG_WARN_RANGE_LOOP_ANALYSIS = YES;
				CLANG_WARN_STRICT_PROTOTYPES = YES;
				CLANG_WARN_SUSPICIOUS_MOVE = YES;
				CLANG_WARN_UNGUARDED_AVAILABILITY = YES_AGGRESSIVE;
				CLANG_WARN_UNREACHABLE_CODE = YES;
				CLANG_WARN__DUPLICATE_METHOD_MATCH = YES;
				COPY_PHASE_STRIP = NO;
				DEBUG_INFORMATION_FORMAT = "dwarf-with-dsym";
				ENABLE_NS_ASSERTIONS = NO;
				ENABLE_STRICT_OBJC_MSGSEND = YES;
				GCC_C_LANGUAGE_STANDARD = gnu11;
				GCC_NO_COMMON_BLOCKS = YES;
				GCC_WARN_64_TO_32_BIT_CONVERSION = YES;
				GCC_WARN_ABOUT_RETURN_TYPE = YES_ERROR;
				GCC_WARN_UNDECLARED_SELECTOR = YES;
				GCC_WARN_UNINITIALIZED_AUTOS = YES_AGGRESSIVE;
				GCC_WARN_UNUSED_FUNCTION = YES;
				GCC_WARN_UNUSED_VARIABLE = YES;
				IPHONEOS_DEPLOYMENT_TARGET = 15.0;
				MTL_ENABLE_DEBUG_INFO = NO;
				MTL_FAST_MATH = YES;
				SDKROOT = iphoneos;
				SWIFT_COMPILATION_MODE = wholemodule;
				SWIFT_OPTIMIZATION_LEVEL = "-O";
				VALIDATE_PRODUCT = YES;
			};
			name = Release;
		};
		03BD838D28620CBB007DBBD1 /* Debug */ = {
			isa = XCBuildConfiguration;
			buildSettings = {
				ASSETCATALOG_COMPILER_APPICON_NAME = AppIcon;
				ASSETCATALOG_COMPILER_GLOBAL_ACCENT_COLOR_NAME = AccentColor;
				CODE_SIGN_STYLE = Automatic;
				CURRENT_PROJECT_VERSION = 1;
				DEVELOPMENT_ASSET_PATHS = "\"Splitz/Preview Content\"";
				DEVELOPMENT_TEAM = T2PL72BPXY;
				ENABLE_PREVIEWS = YES;
				GENERATE_INFOPLIST_FILE = YES;
				INFOPLIST_KEY_UIApplicationSceneManifest_Generation = YES;
				INFOPLIST_KEY_UIApplicationSupportsIndirectInputEvents = YES;
				INFOPLIST_KEY_UILaunchScreen_Generation = YES;
				INFOPLIST_KEY_UISupportedInterfaceOrientations = UIInterfaceOrientationPortrait;
				INFOPLIST_KEY_UISupportedInterfaceOrientations_iPad = "UIInterfaceOrientationPortrait UIInterfaceOrientationPortraitUpsideDown UIInterfaceOrientationLandscapeLeft UIInterfaceOrientationLandscapeRight";
				INFOPLIST_KEY_UISupportedInterfaceOrientations_iPhone = "UIInterfaceOrientationPortrait UIInterfaceOrientationLandscapeLeft UIInterfaceOrientationLandscapeRight";
				LD_RUNPATH_SEARCH_PATHS = (
					"$(inherited)",
					"@executable_path/Frameworks",
				);
				MARKETING_VERSION = 1.0;
				PRODUCT_BUNDLE_IDENTIFIER = com.julianschmid.Splitz;
				PRODUCT_NAME = "$(TARGET_NAME)";
				SWIFT_EMIT_LOC_STRINGS = YES;
				SWIFT_VERSION = 5.0;
				TARGETED_DEVICE_FAMILY = "1,2";
			};
			name = Debug;
		};
		03BD838E28620CBB007DBBD1 /* Release */ = {
			isa = XCBuildConfiguration;
			buildSettings = {
				ASSETCATALOG_COMPILER_APPICON_NAME = AppIcon;
				ASSETCATALOG_COMPILER_GLOBAL_ACCENT_COLOR_NAME = AccentColor;
				CODE_SIGN_STYLE = Automatic;
				CURRENT_PROJECT_VERSION = 1;
				DEVELOPMENT_ASSET_PATHS = "\"Splitz/Preview Content\"";
				DEVELOPMENT_TEAM = T2PL72BPXY;
				ENABLE_PREVIEWS = YES;
				GENERATE_INFOPLIST_FILE = YES;
				INFOPLIST_KEY_UIApplicationSceneManifest_Generation = YES;
				INFOPLIST_KEY_UIApplicationSupportsIndirectInputEvents = YES;
				INFOPLIST_KEY_UILaunchScreen_Generation = YES;
				INFOPLIST_KEY_UISupportedInterfaceOrientations = UIInterfaceOrientationPortrait;
				INFOPLIST_KEY_UISupportedInterfaceOrientations_iPad = "UIInterfaceOrientationPortrait UIInterfaceOrientationPortraitUpsideDown UIInterfaceOrientationLandscapeLeft UIInterfaceOrientationLandscapeRight";
				INFOPLIST_KEY_UISupportedInterfaceOrientations_iPhone = "UIInterfaceOrientationPortrait UIInterfaceOrientationLandscapeLeft UIInterfaceOrientationLandscapeRight";
				LD_RUNPATH_SEARCH_PATHS = (
					"$(inherited)",
					"@executable_path/Frameworks",
				);
				MARKETING_VERSION = 1.0;
				PRODUCT_BUNDLE_IDENTIFIER = com.julianschmid.Splitz;
				PRODUCT_NAME = "$(TARGET_NAME)";
				SWIFT_EMIT_LOC_STRINGS = YES;
				SWIFT_VERSION = 5.0;
				TARGETED_DEVICE_FAMILY = "1,2";
			};
			name = Release;
		};
/* End XCBuildConfiguration section */

/* Begin XCConfigurationList section */
		03BD837928620CBA007DBBD1 /* Build configuration list for PBXProject "Splitz" */ = {
			isa = XCConfigurationList;
			buildConfigurations = (
				03BD838A28620CBB007DBBD1 /* Debug */,
				03BD838B28620CBB007DBBD1 /* Release */,
			);
			defaultConfigurationIsVisible = 0;
			defaultConfigurationName = Release;
		};
		03BD838C28620CBB007DBBD1 /* Build configuration list for PBXNativeTarget "Splitz" */ = {
			isa = XCConfigurationList;
			buildConfigurations = (
				03BD838D28620CBB007DBBD1 /* Debug */,
				03BD838E28620CBB007DBBD1 /* Release */,
			);
			defaultConfigurationIsVisible = 0;
			defaultConfigurationName = Release;
		};
/* End XCConfigurationList section */
	};
	rootObject = 03BD837628620CBA007DBBD1 /* Project object */;
}
