// !$*UTF8*$!
{
	archiveVersion = 1;
	classes = {
	};
	objectVersion = 55;
	objects = {

/* Begin PBXBuildFile section */
		032E8C3B28774CA7009EC28B /* NewTextFieldStyle.swift.swift in Sources */ = {isa = PBXBuildFile; fileRef = 032E8C3A28774CA7009EC28B /* NewTextFieldStyle.swift.swift */; };
		032E8C412877724C009EC28B /* Splitz_Datamodel.xcdatamodeld in Sources */ = {isa = PBXBuildFile; fileRef = 032E8C3F2877724C009EC28B /* Splitz_Datamodel.xcdatamodeld */; };
		032E8C4528777444009EC28B /* CoreDataStorage.swift in Sources */ = {isa = PBXBuildFile; fileRef = 032E8C4428777444009EC28B /* CoreDataStorage.swift */; };
		032E8C4728777468009EC28B /* Storage.swift in Sources */ = {isa = PBXBuildFile; fileRef = 032E8C4628777468009EC28B /* Storage.swift */; };
		03361F10286C25E200554395 /* NewButtonStyle.swift in Sources */ = {isa = PBXBuildFile; fileRef = 03361F0F286C25E200554395 /* NewButtonStyle.swift */; };
		03361F12286DAD9C00554395 /* Gradient.swift.swift in Sources */ = {isa = PBXBuildFile; fileRef = 03361F11286DAD9C00554395 /* Gradient.swift.swift */; };
		0391C2B8286AFFFA002532C4 /* MainViewList.swift in Sources */ = {isa = PBXBuildFile; fileRef = 0391C2B7286AFFFA002532C4 /* MainViewList.swift */; };
		0391C2BB286C2277002532C4 /* ScrollViewReactiveHeader in Frameworks */ = {isa = PBXBuildFile; productRef = 0391C2BA286C2277002532C4 /* ScrollViewReactiveHeader */; };
		039C39AF286DED24002324B4 /* NewListView.swift in Sources */ = {isa = PBXBuildFile; fileRef = 039C39AE286DED24002324B4 /* NewListView.swift */; };
		039C39B1286DF7B9002324B4 /* CreateButtonStyle.swift.swift in Sources */ = {isa = PBXBuildFile; fileRef = 039C39B0286DF7B9002324B4 /* CreateButtonStyle.swift.swift */; };
		03A2C499286632E9003033D7 /* UIScreen.swift in Sources */ = {isa = PBXBuildFile; fileRef = 03A2C498286632E9003033D7 /* UIScreen.swift */; };
		03A2C49E28663A04003033D7 /* HeaderShape.swift in Sources */ = {isa = PBXBuildFile; fileRef = 03A2C49D28663A04003033D7 /* HeaderShape.swift */; };
		03A2C4A22866F26E003033D7 /* MainViewNavigationBar.swift in Sources */ = {isa = PBXBuildFile; fileRef = 03A2C4A12866F26E003033D7 /* MainViewNavigationBar.swift */; };
		03A2C4A42866F30D003033D7 /* Color.swift in Sources */ = {isa = PBXBuildFile; fileRef = 03A2C4A32866F30D003033D7 /* Color.swift */; };
		03BBAC23287BF7A800626A18 /* Dao.swift in Sources */ = {isa = PBXBuildFile; fileRef = 03BBAC22287BF7A700626A18 /* Dao.swift */; };
		03BBAC25287C10DD00626A18 /* User.swift in Sources */ = {isa = PBXBuildFile; fileRef = 03BBAC24287C10DD00626A18 /* User.swift */; };
		03BBAC28287C11BF00626A18 /* CdUser+Additions.swift in Sources */ = {isa = PBXBuildFile; fileRef = 03BBAC27287C11BF00626A18 /* CdUser+Additions.swift */; };
		03BBAC2A287C16E200626A18 /* UserDao.swift in Sources */ = {isa = PBXBuildFile; fileRef = 03BBAC29287C16E200626A18 /* UserDao.swift */; };
		03BBAC2C287C1C4F00626A18 /* CdBill+Additions.swift in Sources */ = {isa = PBXBuildFile; fileRef = 03BBAC2B287C1C4F00626A18 /* CdBill+Additions.swift */; };
		03BBAC2E287C1C9500626A18 /* Bill.swift in Sources */ = {isa = PBXBuildFile; fileRef = 03BBAC2D287C1C9500626A18 /* Bill.swift */; };
		03BBAC30287C1E2900626A18 /* BillDao.swift in Sources */ = {isa = PBXBuildFile; fileRef = 03BBAC2F287C1E2900626A18 /* BillDao.swift */; };
		03BD838228620CBA007DBBD1 /* SplitzApp.swift in Sources */ = {isa = PBXBuildFile; fileRef = 03BD838128620CBA007DBBD1 /* SplitzApp.swift */; };
		03BD838428620CBA007DBBD1 /* MainView.swift in Sources */ = {isa = PBXBuildFile; fileRef = 03BD838328620CBA007DBBD1 /* MainView.swift */; };
		03BD838628620CBB007DBBD1 /* Assets.xcassets in Resources */ = {isa = PBXBuildFile; fileRef = 03BD838528620CBB007DBBD1 /* Assets.xcassets */; };
		03BD838928620CBB007DBBD1 /* Preview Assets.xcassets in Resources */ = {isa = PBXBuildFile; fileRef = 03BD838828620CBB007DBBD1 /* Preview Assets.xcassets */; };
		03DA61612868E6EB0056CB90 /* MainViewListItem.swift in Sources */ = {isa = PBXBuildFile; fileRef = 03DA61602868E6EB0056CB90 /* MainViewListItem.swift */; };
/* End PBXBuildFile section */

/* Begin PBXFileReference section */
		032E8C3A28774CA7009EC28B /* NewTextFieldStyle.swift.swift */ = {isa = PBXFileReference; lastKnownFileType = sourcecode.swift; path = NewTextFieldStyle.swift.swift; sourceTree = "<group>"; };
		032E8C402877724C009EC28B /* Splitz_Datamodel.xcdatamodel */ = {isa = PBXFileReference; lastKnownFileType = wrapper.xcdatamodel; path = Splitz_Datamodel.xcdatamodel; sourceTree = "<group>"; };
		032E8C4428777444009EC28B /* CoreDataStorage.swift */ = {isa = PBXFileReference; lastKnownFileType = sourcecode.swift; path = CoreDataStorage.swift; sourceTree = "<group>"; };
		032E8C4628777468009EC28B /* Storage.swift */ = {isa = PBXFileReference; lastKnownFileType = sourcecode.swift; path = Storage.swift; sourceTree = "<group>"; };
		03361F0F286C25E200554395 /* NewButtonStyle.swift */ = {isa = PBXFileReference; lastKnownFileType = sourcecode.swift; path = NewButtonStyle.swift; sourceTree = "<group>"; };
		03361F11286DAD9C00554395 /* Gradient.swift.swift */ = {isa = PBXFileReference; lastKnownFileType = sourcecode.swift; path = Gradient.swift.swift; sourceTree = "<group>"; };
		0391C2B7286AFFFA002532C4 /* MainViewList.swift */ = {isa = PBXFileReference; lastKnownFileType = sourcecode.swift; path = MainViewList.swift; sourceTree = "<group>"; };
		039C39AE286DED24002324B4 /* NewListView.swift */ = {isa = PBXFileReference; lastKnownFileType = sourcecode.swift; path = NewListView.swift; sourceTree = "<group>"; };
		039C39B0286DF7B9002324B4 /* CreateButtonStyle.swift.swift */ = {isa = PBXFileReference; lastKnownFileType = sourcecode.swift; path = CreateButtonStyle.swift.swift; sourceTree = "<group>"; };
		03A2C498286632E9003033D7 /* UIScreen.swift */ = {isa = PBXFileReference; lastKnownFileType = sourcecode.swift; path = UIScreen.swift; sourceTree = "<group>"; };
		03A2C49D28663A04003033D7 /* HeaderShape.swift */ = {isa = PBXFileReference; lastKnownFileType = sourcecode.swift; path = HeaderShape.swift; sourceTree = "<group>"; };
		03A2C4A12866F26E003033D7 /* MainViewNavigationBar.swift */ = {isa = PBXFileReference; lastKnownFileType = sourcecode.swift; path = MainViewNavigationBar.swift; sourceTree = "<group>"; };
		03A2C4A32866F30D003033D7 /* Color.swift */ = {isa = PBXFileReference; lastKnownFileType = sourcecode.swift; path = Color.swift; sourceTree = "<group>"; };
		03BBAC22287BF7A700626A18 /* Dao.swift */ = {isa = PBXFileReference; lastKnownFileType = sourcecode.swift; path = Dao.swift; sourceTree = "<group>"; };
		03BBAC24287C10DD00626A18 /* User.swift */ = {isa = PBXFileReference; lastKnownFileType = sourcecode.swift; path = User.swift; sourceTree = "<group>"; };
		03BBAC27287C11BF00626A18 /* CdUser+Additions.swift */ = {isa = PBXFileReference; lastKnownFileType = sourcecode.swift; path = "CdUser+Additions.swift"; sourceTree = "<group>"; };
		03BBAC29287C16E200626A18 /* UserDao.swift */ = {isa = PBXFileReference; lastKnownFileType = sourcecode.swift; path = UserDao.swift; sourceTree = "<group>"; };
		03BBAC2B287C1C4F00626A18 /* CdBill+Additions.swift */ = {isa = PBXFileReference; lastKnownFileType = sourcecode.swift; path = "CdBill+Additions.swift"; sourceTree = "<group>"; };
		03BBAC2D287C1C9500626A18 /* Bill.swift */ = {isa = PBXFileReference; lastKnownFileType = sourcecode.swift; path = Bill.swift; sourceTree = "<group>"; };
		03BBAC2F287C1E2900626A18 /* BillDao.swift */ = {isa = PBXFileReference; lastKnownFileType = sourcecode.swift; path = BillDao.swift; sourceTree = "<group>"; };
		03BD837E28620CBA007DBBD1 /* Splitz.app */ = {isa = PBXFileReference; explicitFileType = wrapper.application; includeInIndex = 0; path = Splitz.app; sourceTree = BUILT_PRODUCTS_DIR; };
		03BD838128620CBA007DBBD1 /* SplitzApp.swift */ = {isa = PBXFileReference; lastKnownFileType = sourcecode.swift; path = SplitzApp.swift; sourceTree = "<group>"; };
		03BD838328620CBA007DBBD1 /* MainView.swift */ = {isa = PBXFileReference; lastKnownFileType = sourcecode.swift; path = MainView.swift; sourceTree = "<group>"; };
		03BD838528620CBB007DBBD1 /* Assets.xcassets */ = {isa = PBXFileReference; lastKnownFileType = folder.assetcatalog; path = Assets.xcassets; sourceTree = "<group>"; };
		03BD838828620CBB007DBBD1 /* Preview Assets.xcassets */ = {isa = PBXFileReference; lastKnownFileType = folder.assetcatalog; path = "Preview Assets.xcassets"; sourceTree = "<group>"; };
		03DA61602868E6EB0056CB90 /* MainViewListItem.swift */ = {isa = PBXFileReference; lastKnownFileType = sourcecode.swift; path = MainViewListItem.swift; sourceTree = "<group>"; };
/* End PBXFileReference section */

/* Begin PBXFrameworksBuildPhase section */
		03BD837B28620CBA007DBBD1 /* Frameworks */ = {
			isa = PBXFrameworksBuildPhase;
			buildActionMask = 2147483647;
			files = (
				0391C2BB286C2277002532C4 /* ScrollViewReactiveHeader in Frameworks */,
			);
			runOnlyForDeploymentPostprocessing = 0;
		};
/* End PBXFrameworksBuildPhase section */

/* Begin PBXGroup section */
		032E8C3C287761B2009EC28B /* ViewModels */ = {
			isa = PBXGroup;
			children = (
			);
			path = ViewModels;
			sourceTree = "<group>";
		};
		032E8C3D287761CE009EC28B /* Repositories */ = {
			isa = PBXGroup;
			children = (
			);
			path = Repositories;
			sourceTree = "<group>";
		};
		032E8C3E2877621C009EC28B /* Models */ = {
			isa = PBXGroup;
			children = (
				03C1AE0B287853060072FC63 /* CoreData */,
				03BBAC26287C11A000626A18 /* Dto */,
			);
			path = Models;
			sourceTree = "<group>";
		};
		032E8C42287773F9009EC28B /* Storage */ = {
			isa = PBXGroup;
			children = (
				032E8C4328777435009EC28B /* CoreData */,
				032E8C4628777468009EC28B /* Storage.swift */,
			);
			path = Storage;
			sourceTree = "<group>";
		};
		032E8C4328777435009EC28B /* CoreData */ = {
			isa = PBXGroup;
			children = (
				032E8C4428777444009EC28B /* CoreDataStorage.swift */,
			);
			path = CoreData;
			sourceTree = "<group>";
		};
		03361F0E286C25CC00554395 /* Styles */ = {
			isa = PBXGroup;
			children = (
				03361F0F286C25E200554395 /* NewButtonStyle.swift */,
				039C39B0286DF7B9002324B4 /* CreateButtonStyle.swift.swift */,
				032E8C3A28774CA7009EC28B /* NewTextFieldStyle.swift.swift */,
			);
			path = Styles;
			sourceTree = "<group>";
		};
		0391C2BC286C248A002532C4 /* NewList */ = {
			isa = PBXGroup;
			children = (
				039C39AE286DED24002324B4 /* NewListView.swift */,
			);
			path = NewList;
			sourceTree = "<group>";
		};
		03A2C49628663205003033D7 /* Views */ = {
			isa = PBXGroup;
			children = (
				03A2C49F2866F240003033D7 /* Main */,
				0391C2BC286C248A002532C4 /* NewList */,
			);
			path = Views;
			sourceTree = "<group>";
		};
		03A2C49728663262003033D7 /* Extensions */ = {
			isa = PBXGroup;
			children = (
				03A2C498286632E9003033D7 /* UIScreen.swift */,
				03A2C4A32866F30D003033D7 /* Color.swift */,
				03361F11286DAD9C00554395 /* Gradient.swift.swift */,
			);
			path = Extensions;
			sourceTree = "<group>";
		};
		03A2C49C286639B7003033D7 /* Shapes */ = {
			isa = PBXGroup;
			children = (
				03A2C49D28663A04003033D7 /* HeaderShape.swift */,
			);
			path = Shapes;
			sourceTree = "<group>";
		};
		03A2C49F2866F240003033D7 /* Main */ = {
			isa = PBXGroup;
			children = (
				03BD838328620CBA007DBBD1 /* MainView.swift */,
				03A2C4A12866F26E003033D7 /* MainViewNavigationBar.swift */,
				0391C2B7286AFFFA002532C4 /* MainViewList.swift */,
				03DA61602868E6EB0056CB90 /* MainViewListItem.swift */,
			);
			path = Main;
			sourceTree = "<group>";
		};
		03BBAC26287C11A000626A18 /* Dto */ = {
			isa = PBXGroup;
			children = (
				03BBAC24287C10DD00626A18 /* User.swift */,
				03BBAC2D287C1C9500626A18 /* Bill.swift */,
			);
			path = Dto;
			sourceTree = "<group>";
		};
		03BD837528620CBA007DBBD1 = {
			isa = PBXGroup;
			children = (
				03BD838028620CBA007DBBD1 /* Splitz */,
				03BD837F28620CBA007DBBD1 /* Products */,
			);
			sourceTree = "<group>";
		};
		03BD837F28620CBA007DBBD1 /* Products */ = {
			isa = PBXGroup;
			children = (
				03BD837E28620CBA007DBBD1 /* Splitz.app */,
			);
			name = Products;
			sourceTree = "<group>";
		};
		03BD838028620CBA007DBBD1 /* Splitz */ = {
			isa = PBXGroup;
			children = (
				03C1AE0A287841C00072FC63 /* Dao */,
				032E8C42287773F9009EC28B /* Storage */,
				032E8C3E2877621C009EC28B /* Models */,
				032E8C3D287761CE009EC28B /* Repositories */,
				032E8C3C287761B2009EC28B /* ViewModels */,
				03A2C49628663205003033D7 /* Views */,
				03A2C49728663262003033D7 /* Extensions */,
				03361F0E286C25CC00554395 /* Styles */,
				03A2C49C286639B7003033D7 /* Shapes */,
				03BD838128620CBA007DBBD1 /* SplitzApp.swift */,
				032E8C3F2877724C009EC28B /* Splitz_Datamodel.xcdatamodeld */,
				03BD838528620CBB007DBBD1 /* Assets.xcassets */,
				03BD838728620CBB007DBBD1 /* Preview Content */,
			);
			path = Splitz;
			sourceTree = "<group>";
		};
		03BD838728620CBB007DBBD1 /* Preview Content */ = {
			isa = PBXGroup;
			children = (
				03BD838828620CBB007DBBD1 /* Preview Assets.xcassets */,
			);
			path = "Preview Content";
			sourceTree = "<group>";
		};
		03C1AE0A287841C00072FC63 /* Dao */ = {
			isa = PBXGroup;
			children = (
				03BBAC22287BF7A700626A18 /* Dao.swift */,
				03BBAC29287C16E200626A18 /* UserDao.swift */,
				03BBAC2F287C1E2900626A18 /* BillDao.swift */,
			);
			path = Dao;
			sourceTree = "<group>";
		};
		03C1AE0B287853060072FC63 /* CoreData */ = {
			isa = PBXGroup;
			children = (
				03BBAC27287C11BF00626A18 /* CdUser+Additions.swift */,
				03BBAC2B287C1C4F00626A18 /* CdBill+Additions.swift */,
			);
			path = CoreData;
			sourceTree = "<group>";
		};
/* End PBXGroup section */

/* Begin PBXNativeTarget section */
		03BD837D28620CBA007DBBD1 /* Splitz */ = {
			isa = PBXNativeTarget;
			buildConfigurationList = 03BD838C28620CBB007DBBD1 /* Build configuration list for PBXNativeTarget "Splitz" */;
			buildPhases = (
				03BD837A28620CBA007DBBD1 /* Sources */,
				03BD837B28620CBA007DBBD1 /* Frameworks */,
				03BD837C28620CBA007DBBD1 /* Resources */,
			);
			buildRules = (
			);
			dependencies = (
			);
			name = Splitz;
			packageProductDependencies = (
				0391C2BA286C2277002532C4 /* ScrollViewReactiveHeader */,
			);
			productName = Splitz;
			productReference = 03BD837E28620CBA007DBBD1 /* Splitz.app */;
			productType = "com.apple.product-type.application";
		};
/* End PBXNativeTarget section */

/* Begin PBXProject section */
		03BD837628620CBA007DBBD1 /* Project object */ = {
			isa = PBXProject;
			attributes = {
				BuildIndependentTargetsInParallel = 1;
				LastSwiftUpdateCheck = 1310;
				LastUpgradeCheck = 1310;
				TargetAttributes = {
					03BD837D28620CBA007DBBD1 = {
						CreatedOnToolsVersion = 13.1;
					};
				};
			};
			buildConfigurationList = 03BD837928620CBA007DBBD1 /* Build configuration list for PBXProject "Splitz" */;
			compatibilityVersion = "Xcode 13.0";
			developmentRegion = en;
			hasScannedForEncodings = 0;
			knownRegions = (
				en,
				Base,
			);
			mainGroup = 03BD837528620CBA007DBBD1;
			packageReferences = (
				0391C2B9286C2277002532C4 /* XCRemoteSwiftPackageReference "scrollview-reactive-header" */,
			);
			productRefGroup = 03BD837F28620CBA007DBBD1 /* Products */;
			projectDirPath = "";
			projectRoot = "";
			targets = (
				03BD837D28620CBA007DBBD1 /* Splitz */,
			);
		};
/* End PBXProject section */

/* Begin PBXResourcesBuildPhase section */
		03BD837C28620CBA007DBBD1 /* Resources */ = {
			isa = PBXResourcesBuildPhase;
			buildActionMask = 2147483647;
			files = (
				03BD838928620CBB007DBBD1 /* Preview Assets.xcassets in Resources */,
				03BD838628620CBB007DBBD1 /* Assets.xcassets in Resources */,
			);
			runOnlyForDeploymentPostprocessing = 0;
		};
/* End PBXResourcesBuildPhase section */

/* Begin PBXSourcesBuildPhase section */
		03BD837A28620CBA007DBBD1 /* Sources */ = {
			isa = PBXSourcesBuildPhase;
			buildActionMask = 2147483647;
			files = (
				032E8C4528777444009EC28B /* CoreDataStorage.swift in Sources */,
				039C39B1286DF7B9002324B4 /* CreateButtonStyle.swift.swift in Sources */,
				032E8C3B28774CA7009EC28B /* NewTextFieldStyle.swift.swift in Sources */,
				03BD838428620CBA007DBBD1 /* MainView.swift in Sources */,
				03BBAC30287C1E2900626A18 /* BillDao.swift in Sources */,
				0391C2B8286AFFFA002532C4 /* MainViewList.swift in Sources */,
				03A2C4A22866F26E003033D7 /* MainViewNavigationBar.swift in Sources */,
				03A2C499286632E9003033D7 /* UIScreen.swift in Sources */,
				03BBAC2C287C1C4F00626A18 /* CdBill+Additions.swift in Sources */,
				03BBAC2A287C16E200626A18 /* UserDao.swift in Sources */,
				03361F12286DAD9C00554395 /* Gradient.swift.swift in Sources */,
				03A2C49E28663A04003033D7 /* HeaderShape.swift in Sources */,
				03BD838228620CBA007DBBD1 /* SplitzApp.swift in Sources */,
				03BBAC2E287C1C9500626A18 /* Bill.swift in Sources */,
				03BBAC28287C11BF00626A18 /* CdUser+Additions.swift in Sources */,
				03A2C4A42866F30D003033D7 /* Color.swift in Sources */,
				03361F10286C25E200554395 /* NewButtonStyle.swift in Sources */,
				03DA61612868E6EB0056CB90 /* MainViewListItem.swift in Sources */,
				03BBAC23287BF7A800626A18 /* Dao.swift in Sources */,
				03BBAC25287C10DD00626A18 /* User.swift in Sources */,
				032E8C4728777468009EC28B /* Storage.swift in Sources */,
				039C39AF286DED24002324B4 /* NewListView.swift in Sources */,
				032E8C412877724C009EC28B /* Splitz_Datamodel.xcdatamodeld in Sources */,
			);
			runOnlyForDeploymentPostprocessing = 0;
		};
/* End PBXSourcesBuildPhase section */

/* Begin XCBuildConfiguration section */
		03BD838A28620CBB007DBBD1 /* Debug */ = {
			isa = XCBuildConfiguration;
			buildSettings = {
				ALWAYS_SEARCH_USER_PATHS = NO;
				CLANG_ANALYZER_NONNULL = YES;
				CLANG_ANALYZER_NUMBER_OBJECT_CONVERSION = YES_AGGRESSIVE;
				CLANG_CXX_LANGUAGE_STANDARD = "gnu++17";
				CLANG_CXX_LIBRARY = "libc++";
				CLANG_ENABLE_MODULES = YES;
				CLANG_ENABLE_OBJC_ARC = YES;
				CLANG_ENABLE_OBJC_WEAK = YES;
				CLANG_WARN_BLOCK_CAPTURE_AUTORELEASING = YES;
				CLANG_WARN_BOOL_CONVERSION = YES;
				CLANG_WARN_COMMA = YES;
				CLANG_WARN_CONSTANT_CONVERSION = YES;
				CLANG_WARN_DEPRECATED_OBJC_IMPLEMENTATIONS = YES;
				CLANG_WARN_DIRECT_OBJC_ISA_USAGE = YES_ERROR;
				CLANG_WARN_DOCUMENTATION_COMMENTS = YES;
				CLANG_WARN_EMPTY_BODY = YES;
				CLANG_WARN_ENUM_CONVERSION = YES;
				CLANG_WARN_INFINITE_RECURSION = YES;
				CLANG_WARN_INT_CONVERSION = YES;
				CLANG_WARN_NON_LITERAL_NULL_CONVERSION = YES;
				CLANG_WARN_OBJC_IMPLICIT_RETAIN_SELF = YES;
				CLANG_WARN_OBJC_LITERAL_CONVERSION = YES;
				CLANG_WARN_OBJC_ROOT_CLASS = YES_ERROR;
				CLANG_WARN_QUOTED_INCLUDE_IN_FRAMEWORK_HEADER = YES;
				CLANG_WARN_RANGE_LOOP_ANALYSIS = YES;
				CLANG_WARN_STRICT_PROTOTYPES = YES;
				CLANG_WARN_SUSPICIOUS_MOVE = YES;
				CLANG_WARN_UNGUARDED_AVAILABILITY = YES_AGGRESSIVE;
				CLANG_WARN_UNREACHABLE_CODE = YES;
				CLANG_WARN__DUPLICATE_METHOD_MATCH = YES;
				COPY_PHASE_STRIP = NO;
				DEBUG_INFORMATION_FORMAT = dwarf;
				ENABLE_STRICT_OBJC_MSGSEND = YES;
				ENABLE_TESTABILITY = YES;
				GCC_C_LANGUAGE_STANDARD = gnu11;
				GCC_DYNAMIC_NO_PIC = NO;
				GCC_NO_COMMON_BLOCKS = YES;
				GCC_OPTIMIZATION_LEVEL = 0;
				GCC_PREPROCESSOR_DEFINITIONS = (
					"DEBUG=1",
					"$(inherited)",
				);
				GCC_WARN_64_TO_32_BIT_CONVERSION = YES;
				GCC_WARN_ABOUT_RETURN_TYPE = YES_ERROR;
				GCC_WARN_UNDECLARED_SELECTOR = YES;
				GCC_WARN_UNINITIALIZED_AUTOS = YES_AGGRESSIVE;
				GCC_WARN_UNUSED_FUNCTION = YES;
				GCC_WARN_UNUSED_VARIABLE = YES;
				IPHONEOS_DEPLOYMENT_TARGET = 15.0;
				MTL_ENABLE_DEBUG_INFO = INCLUDE_SOURCE;
				MTL_FAST_MATH = YES;
				ONLY_ACTIVE_ARCH = YES;
				SDKROOT = iphoneos;
				SWIFT_ACTIVE_COMPILATION_CONDITIONS = DEBUG;
				SWIFT_OPTIMIZATION_LEVEL = "-Onone";
			};
			name = Debug;
		};
		03BD838B28620CBB007DBBD1 /* Release */ = {
			isa = XCBuildConfiguration;
			buildSettings = {
				ALWAYS_SEARCH_USER_PATHS = NO;
				CLANG_ANALYZER_NONNULL = YES;
				CLANG_ANALYZER_NUMBER_OBJECT_CONVERSION = YES_AGGRESSIVE;
				CLANG_CXX_LANGUAGE_STANDARD = "gnu++17";
				CLANG_CXX_LIBRARY = "libc++";
				CLANG_ENABLE_MODULES = YES;
				CLANG_ENABLE_OBJC_ARC = YES;
				CLANG_ENABLE_OBJC_WEAK = YES;
				CLANG_WARN_BLOCK_CAPTURE_AUTORELEASING = YES;
				CLANG_WARN_BOOL_CONVERSION = YES;
				CLANG_WARN_COMMA = YES;
				CLANG_WARN_CONSTANT_CONVERSION = YES;
				CLANG_WARN_DEPRECATED_OBJC_IMPLEMENTATIONS = YES;
				CLANG_WARN_DIRECT_OBJC_ISA_USAGE = YES_ERROR;
				CLANG_WARN_DOCUMENTATION_COMMENTS = YES;
				CLANG_WARN_EMPTY_BODY = YES;
				CLANG_WARN_ENUM_CONVERSION = YES;
				CLANG_WARN_INFINITE_RECURSION = YES;
				CLANG_WARN_INT_CONVERSION = YES;
				CLANG_WARN_NON_LITERAL_NULL_CONVERSION = YES;
				CLANG_WARN_OBJC_IMPLICIT_RETAIN_SELF = YES;
				CLANG_WARN_OBJC_LITERAL_CONVERSION = YES;
				CLANG_WARN_OBJC_ROOT_CLASS = YES_ERROR;
				CLANG_WARN_QUOTED_INCLUDE_IN_FRAMEWORK_HEADER = YES;
				CLANG_WARN_RANGE_LOOP_ANALYSIS = YES;
				CLANG_WARN_STRICT_PROTOTYPES = YES;
				CLANG_WARN_SUSPICIOUS_MOVE = YES;
				CLANG_WARN_UNGUARDED_AVAILABILITY = YES_AGGRESSIVE;
				CLANG_WARN_UNREACHABLE_CODE = YES;
				CLANG_WARN__DUPLICATE_METHOD_MATCH = YES;
				COPY_PHASE_STRIP = NO;
				DEBUG_INFORMATION_FORMAT = "dwarf-with-dsym";
				ENABLE_NS_ASSERTIONS = NO;
				ENABLE_STRICT_OBJC_MSGSEND = YES;
				GCC_C_LANGUAGE_STANDARD = gnu11;
				GCC_NO_COMMON_BLOCKS = YES;
				GCC_WARN_64_TO_32_BIT_CONVERSION = YES;
				GCC_WARN_ABOUT_RETURN_TYPE = YES_ERROR;
				GCC_WARN_UNDECLARED_SELECTOR = YES;
				GCC_WARN_UNINITIALIZED_AUTOS = YES_AGGRESSIVE;
				GCC_WARN_UNUSED_FUNCTION = YES;
				GCC_WARN_UNUSED_VARIABLE = YES;
				IPHONEOS_DEPLOYMENT_TARGET = 15.0;
				MTL_ENABLE_DEBUG_INFO = NO;
				MTL_FAST_MATH = YES;
				SDKROOT = iphoneos;
				SWIFT_COMPILATION_MODE = wholemodule;
				SWIFT_OPTIMIZATION_LEVEL = "-O";
				VALIDATE_PRODUCT = YES;
			};
			name = Release;
		};
		03BD838D28620CBB007DBBD1 /* Debug */ = {
			isa = XCBuildConfiguration;
			buildSettings = {
				ASSETCATALOG_COMPILER_APPICON_NAME = AppIcon;
				ASSETCATALOG_COMPILER_GLOBAL_ACCENT_COLOR_NAME = AccentColor;
				CODE_SIGN_STYLE = Automatic;
				CURRENT_PROJECT_VERSION = 1;
				DEVELOPMENT_ASSET_PATHS = "\"Splitz/Preview Content\"";
				DEVELOPMENT_TEAM = T2PL72BPXY;
				ENABLE_PREVIEWS = YES;
				GENERATE_INFOPLIST_FILE = YES;
				INFOPLIST_KEY_UIApplicationSceneManifest_Generation = YES;
				INFOPLIST_KEY_UIApplicationSupportsIndirectInputEvents = YES;
				INFOPLIST_KEY_UILaunchScreen_Generation = YES;
				INFOPLIST_KEY_UISupportedInterfaceOrientations = UIInterfaceOrientationPortrait;
				INFOPLIST_KEY_UISupportedInterfaceOrientations_iPad = "UIInterfaceOrientationPortrait UIInterfaceOrientationPortraitUpsideDown UIInterfaceOrientationLandscapeLeft UIInterfaceOrientationLandscapeRight";
				INFOPLIST_KEY_UISupportedInterfaceOrientations_iPhone = "UIInterfaceOrientationPortrait UIInterfaceOrientationLandscapeLeft UIInterfaceOrientationLandscapeRight";
				LD_RUNPATH_SEARCH_PATHS = (
					"$(inherited)",
					"@executable_path/Frameworks",
				);
				MARKETING_VERSION = 1.0;
				PRODUCT_BUNDLE_IDENTIFIER = com.julianschmid.Splitz;
				PRODUCT_NAME = "$(TARGET_NAME)";
				SWIFT_EMIT_LOC_STRINGS = YES;
				SWIFT_VERSION = 5.0;
				TARGETED_DEVICE_FAMILY = "1,2";
			};
			name = Debug;
		};
		03BD838E28620CBB007DBBD1 /* Release */ = {
			isa = XCBuildConfiguration;
			buildSettings = {
				ASSETCATALOG_COMPILER_APPICON_NAME = AppIcon;
				ASSETCATALOG_COMPILER_GLOBAL_ACCENT_COLOR_NAME = AccentColor;
				CODE_SIGN_STYLE = Automatic;
				CURRENT_PROJECT_VERSION = 1;
				DEVELOPMENT_ASSET_PATHS = "\"Splitz/Preview Content\"";
				DEVELOPMENT_TEAM = T2PL72BPXY;
				ENABLE_PREVIEWS = YES;
				GENERATE_INFOPLIST_FILE = YES;
				INFOPLIST_KEY_UIApplicationSceneManifest_Generation = YES;
				INFOPLIST_KEY_UIApplicationSupportsIndirectInputEvents = YES;
				INFOPLIST_KEY_UILaunchScreen_Generation = YES;
				INFOPLIST_KEY_UISupportedInterfaceOrientations = UIInterfaceOrientationPortrait;
				INFOPLIST_KEY_UISupportedInterfaceOrientations_iPad = "UIInterfaceOrientationPortrait UIInterfaceOrientationPortraitUpsideDown UIInterfaceOrientationLandscapeLeft UIInterfaceOrientationLandscapeRight";
				INFOPLIST_KEY_UISupportedInterfaceOrientations_iPhone = "UIInterfaceOrientationPortrait UIInterfaceOrientationLandscapeLeft UIInterfaceOrientationLandscapeRight";
				LD_RUNPATH_SEARCH_PATHS = (
					"$(inherited)",
					"@executable_path/Frameworks",
				);
				MARKETING_VERSION = 1.0;
				PRODUCT_BUNDLE_IDENTIFIER = com.julianschmid.Splitz;
				PRODUCT_NAME = "$(TARGET_NAME)";
				SWIFT_EMIT_LOC_STRINGS = YES;
				SWIFT_VERSION = 5.0;
				TARGETED_DEVICE_FAMILY = "1,2";
			};
			name = Release;
		};
/* End XCBuildConfiguration section */

/* Begin XCConfigurationList section */
		03BD837928620CBA007DBBD1 /* Build configuration list for PBXProject "Splitz" */ = {
			isa = XCConfigurationList;
			buildConfigurations = (
				03BD838A28620CBB007DBBD1 /* Debug */,
				03BD838B28620CBB007DBBD1 /* Release */,
			);
			defaultConfigurationIsVisible = 0;
			defaultConfigurationName = Release;
		};
		03BD838C28620CBB007DBBD1 /* Build configuration list for PBXNativeTarget "Splitz" */ = {
			isa = XCConfigurationList;
			buildConfigurations = (
				03BD838D28620CBB007DBBD1 /* Debug */,
				03BD838E28620CBB007DBBD1 /* Release */,
			);
			defaultConfigurationIsVisible = 0;
			defaultConfigurationName = Release;
		};
/* End XCConfigurationList section */

/* Begin XCRemoteSwiftPackageReference section */
		0391C2B9286C2277002532C4 /* XCRemoteSwiftPackageReference "scrollview-reactive-header" */ = {
			isa = XCRemoteSwiftPackageReference;
			repositoryURL = "https://github.com/swiftui-library/scrollview-reactive-header";
			requirement = {
				kind = upToNextMajorVersion;
				minimumVersion = 1.0.0;
			};
		};
/* End XCRemoteSwiftPackageReference section */

/* Begin XCSwiftPackageProductDependency section */
		0391C2BA286C2277002532C4 /* ScrollViewReactiveHeader */ = {
			isa = XCSwiftPackageProductDependency;
			package = 0391C2B9286C2277002532C4 /* XCRemoteSwiftPackageReference "scrollview-reactive-header" */;
			productName = ScrollViewReactiveHeader;
		};
/* End XCSwiftPackageProductDependency section */

/* Begin XCVersionGroup section */
		032E8C3F2877724C009EC28B /* Splitz_Datamodel.xcdatamodeld */ = {
			isa = XCVersionGroup;
			children = (
				032E8C402877724C009EC28B /* Splitz_Datamodel.xcdatamodel */,
			);
			currentVersion = 032E8C402877724C009EC28B /* Splitz_Datamodel.xcdatamodel */;
			path = Splitz_Datamodel.xcdatamodeld;
			sourceTree = "<group>";
			versionGroupType = wrapper.xcdatamodel;
		};
/* End XCVersionGroup section */
	};
	rootObject = 03BD837628620CBA007DBBD1 /* Project object */;
}
